
Microsoft Visual Studio Solution File, Format Version 12.00
# Visual Studio Version 17
VisualStudioVersion = 17.9.34728.123
MinimumVisualStudioVersion = 10.0.40219.1
Project("{FAE04EC0-301F-11D3-BF4B-00C04F79EFBC}") = "Airlines Api", "Airlines Api.csproj", "{C904951A-4765-4E94-9E9E-704B83036DC8}"
EndProject
Global
	GlobalSection(SolutionConfigurationPlatforms) = preSolution
		Debug|Any CPU = Debug|Any CPU
		Release|Any CPU = Release|Any CPU
	EndGlobalSection
	GlobalSection(ProjectConfigurationPlatforms) = postSolution
		{C904951A-4765-4E94-9E9E-704B83036DC8}.Debug|Any CPU.ActiveCfg = Debug|Any CPU
		{C904951A-4765-4E94-9E9E-704B83036DC8}.Debug|Any CPU.Build.0 = Debug|Any CPU
		{C904951A-4765-4E94-9E9E-704B83036DC8}.Release|Any CPU.ActiveCfg = Release|Any CPU
		{C904951A-4765-4E94-9E9E-704B83036DC8}.Release|Any CPU.Build.0 = Release|Any CPU
	EndGlobalSection
	GlobalSection(SolutionProperties) = preSolution
		HideSolutionNode = FALSE
	EndGlobalSection
	GlobalSection(ExtensibilityGlobals) = postSolution
		SolutionGuid = {3F2603C8-F06F-41E0-A6B7-6A1674057DF3}
	EndGlobalSection
EndGlobal
